
Microsoft Visual Studio Solution File, Format Version 12.00
# Visual Studio Version 17
VisualStudioVersion = 17.4.33213.308
MinimumVisualStudioVersion = 10.0.40219.1
Project("{FAE04EC0-301F-11D3-BF4B-00C04F79EFBC}") = "UAS_PBO_1184061", "UAS_PBO_1184061\UAS_PBO_1184061.csproj", "{6EBBAECB-AED8-460E-B9D7-63EC9CF6842C}"
EndProject
Global
	GlobalSection(SolutionConfigurationPlatforms) = preSolution
		Debug|Any CPU = Debug|Any CPU
		Release|Any CPU = Release|Any CPU
	EndGlobalSection
	GlobalSection(ProjectConfigurationPlatforms) = postSolution
		{6EBBAECB-AED8-460E-B9D7-63EC9CF6842C}.Debug|Any CPU.ActiveCfg = Debug|Any CPU
		{6EBBAECB-AED8-460E-B9D7-63EC9CF6842C}.Debug|Any CPU.Build.0 = Debug|Any CPU
		{6EBBAECB-AED8-460E-B9D7-63EC9CF6842C}.Release|Any CPU.ActiveCfg = Release|Any CPU
		{6EBBAECB-AED8-460E-B9D7-63EC9CF6842C}.Release|Any CPU.Build.0 = Release|Any CPU
	EndGlobalSection
	GlobalSection(SolutionProperties) = preSolution
		HideSolutionNode = FALSE
	EndGlobalSection
	GlobalSection(ExtensibilityGlobals) = postSolution
		SolutionGuid = {64B06753-0158-4648-9C65-B97AC99ABFF7}
	EndGlobalSection
EndGlobal
